
Microsoft Visual Studio Solution File, Format Version 12.00
# Visual Studio Version 17
VisualStudioVersion = 17.0.31903.59
MinimumVisualStudioVersion = 10.0.40219.1
Project("{2150E333-8FDC-42A3-9474-1A3956D46DE8}") = "src", "src", "{3581E8FA-1925-423F-9A80-0308AC7C620A}"
EndProject
Project("{FAE04EC0-301F-11D3-BF4B-00C04F79EFBC}") = "InventarioSistem.Core", "src\InventarioSistem.Core\InventarioSistem.Core.csproj", "{03DF605D-F9CA-4474-829C-722B7A403EB9}"
EndProject
Project("{FAE04EC0-301F-11D3-BF4B-00C04F79EFBC}") = "InventarioSistem.Access", "src\InventarioSistem.Access\InventarioSistem.Access.csproj", "{91C4150C-C5CF-436F-B4DC-7371D36E7448}"
EndProject
Project("{FAE04EC0-301F-11D3-BF4B-00C04F79EFBC}") = "InventarioSistem.Cli", "src\InventarioSistem.Cli\InventarioSistem.Cli.csproj", "{DC0FFD84-904D-4290-AFAE-1E897EA3996A}"
EndProject
Project("{FAE04EC0-301F-11D3-BF4B-00C04F79EFBC}") = "InventarioSistem.WinForms", "src\InventarioSistem.WinForms\InventarioSistem.WinForms.csproj", "{EAB00807-A643-4F77-98E2-859DE39EA87D}"
EndProject
Global
	GlobalSection(SolutionConfigurationPlatforms) = preSolution
		Debug|Any CPU = Debug|Any CPU
		Release|Any CPU = Release|Any CPU
	EndGlobalSection
	GlobalSection(SolutionProperties) = preSolution
		HideSolutionNode = FALSE
	EndGlobalSection
	GlobalSection(ProjectConfigurationPlatforms) = postSolution
		{03DF605D-F9CA-4474-829C-722B7A403EB9}.Debug|Any CPU.ActiveCfg = Debug|Any CPU
		{03DF605D-F9CA-4474-829C-722B7A403EB9}.Debug|Any CPU.Build.0 = Debug|Any CPU
		{03DF605D-F9CA-4474-829C-722B7A403EB9}.Release|Any CPU.ActiveCfg = Release|Any CPU
		{03DF605D-F9CA-4474-829C-722B7A403EB9}.Release|Any CPU.Build.0 = Release|Any CPU
		{91C4150C-C5CF-436F-B4DC-7371D36E7448}.Debug|Any CPU.ActiveCfg = Debug|Any CPU
		{91C4150C-C5CF-436F-B4DC-7371D36E7448}.Debug|Any CPU.Build.0 = Debug|Any CPU
		{91C4150C-C5CF-436F-B4DC-7371D36E7448}.Release|Any CPU.ActiveCfg = Release|Any CPU
		{91C4150C-C5CF-436F-B4DC-7371D36E7448}.Release|Any CPU.Build.0 = Release|Any CPU
		{DC0FFD84-904D-4290-AFAE-1E897EA3996A}.Debug|Any CPU.ActiveCfg = Debug|Any CPU
		{DC0FFD84-904D-4290-AFAE-1E897EA3996A}.Debug|Any CPU.Build.0 = Debug|Any CPU
		{DC0FFD84-904D-4290-AFAE-1E897EA3996A}.Release|Any CPU.ActiveCfg = Release|Any CPU
		{DC0FFD84-904D-4290-AFAE-1E897EA3996A}.Release|Any CPU.Build.0 = Release|Any CPU
		{EAB00807-A643-4F77-98E2-859DE39EA87D}.Debug|Any CPU.ActiveCfg = Debug|Any CPU
		{EAB00807-A643-4F77-98E2-859DE39EA87D}.Debug|Any CPU.Build.0 = Debug|Any CPU
		{EAB00807-A643-4F77-98E2-859DE39EA87D}.Release|Any CPU.ActiveCfg = Release|Any CPU
		{EAB00807-A643-4F77-98E2-859DE39EA87D}.Release|Any CPU.Build.0 = Release|Any CPU
	EndGlobalSection
	GlobalSection(NestedProjects) = preSolution
		{03DF605D-F9CA-4474-829C-722B7A403EB9} = {3581E8FA-1925-423F-9A80-0308AC7C620A}
		{91C4150C-C5CF-436F-B4DC-7371D36E7448} = {3581E8FA-1925-423F-9A80-0308AC7C620A}
		{DC0FFD84-904D-4290-AFAE-1E897EA3996A} = {3581E8FA-1925-423F-9A80-0308AC7C620A}
		{EAB00807-A643-4F77-98E2-859DE39EA87D} = {3581E8FA-1925-423F-9A80-0308AC7C620A}
	EndGlobalSection
EndGlobal
